github.com/a8m/envsubst v1.3.0 h1:GmXKmVssap0YtlU3E230W98RWtWCyIZzjtf1apWWyAg=
github.com/a8m/envsubst v1.3.0/go.mod h1:MVUTQNGQ3tsjOOtKCNd+fl8RzhsXcDvvAEzkhGtlsbY=
github.com/davecgh/go-spew v1.1.0/go.mod h1:J7Y8YcW2NihsgmVo/mv3lAwl/skON4iLHjSsI+c5H38=
github.com/elliotchance/orderedmap v1.4.0 h1:wZtfeEONCbx6in1CZyE6bELEt/vFayMvsxqI5SgsR+A=
github.com/elliotchance/orderedmap v1.4.0/go.mod h1:wsDwEaX5jEoyhbs7x93zk2H/qv0zwuhg4inXhDkYqys=
github.com/fatih/color v1.10.0/go.mod h1:ELkj/draVOlAH/xkhN6mQ50Qd0MPOk5AAr3maGEBuJM=
github.com/fatih/color v1.13.0 h1:8LOYc1KYPPmyKMuN8QV2DNRWNbLo6LZ0iLs8+mlH53w=
github.com/fatih/color v1.13.0/go.mod h1:kLAiJbzzSOZDVNGyDpeOxJ47H46qBXwg5ILebYFFOfk=
github.com/go-playground/assert/v2 v2.0.1/go.mod h1:VDjEfimB/XKnb+ZQfWdccd7VUvScMdVu0Titje2rxJ4=
github.com/go-playground/locales v0.13.0/go.mod h1:taPMhCMXrRLJO55olJkUXHZBHCxTMfnGwq/HNwmWNS8=
github.com/go-playground/universal-translator v0.17.0/go.mod h1:UkSxE5sNxxRwHyU+Scu5vgOQjsIJAF8j9muTVoKLVtA=
github.com/go-playground/validator/v10 v10.4.1/go.mod h1:nlOn6nFhuKACm19sB/8EGNn9GlaMV7XkbRSipzJ0Ii4=
github.com/goccy/go-yaml v1.9.5 h1:Eh/+3uk9kLxG4koCX6lRMAPS1OaMSAi+FJcya0INdB0=
github.com/goccy/go-yaml v1.9.5/go.mod h1:U/jl18uSupI5rdI2jmuCswEA2htH9eXfferR3KfscvA=
github.com/jinzhu/copier v0.3.5 h1:GlvfUwHk62RokgqVNvYsku0TATCF7bAHVwEXoBh3iJg=
github.com/jinzhu/copier v0.3.5/go.mod h1:DfbEm0FYsaqBcKcFuvmOZb218JkPGtvSHsKg8S8hyyg=
github.com/kr/pretty v0.1.0/go.mod h1:dAy3ld7l9f0ibDNOQOHHMYYIIbhfbHSm3C4ZsoJORNo=
github.com/kr/pty v1.1.1/go.mod h1:pFQYn66WHrOpPYNljwOMqo10TkYh1fy3cYio2l3bCsQ=
github.com/kr/text v0.1.0/go.mod h1:4Jbv+DJW3UT/LiOwJeYQe1efqtUx/iVham/4vfdArNI=
github.com/leodido/go-urn v1.2.0/go.mod h1:+8+nEpDfqqsY+g338gtMEUOtuK+4dEMhiQEgxpxOKII=
github.com/magiconair/properties v1.8.6 h1:5ibWZ6iY0NctNGWo87LalDlEZ6R41TqbbDamhfG/Qzo=
github.com/magiconair/properties v1.8.6/go.mod h1:y3VJvCyxH9uVvJTWEGAELF3aiYNyPKd5NZ3oSwXrF60=
github.com/mattn/go-colorable v0.1.8/go.mod h1:u6P/XSegPjTcexA+o6vUJrdnUu04hMope9wVRipJSqc=
github.com/mattn/go-colorable v0.1.9/go.mod h1:u6P/XSegPjTcexA+o6vUJrdnUu04hMope9wVRipJSqc=
github.com/mattn/go-colorable v0.1.12 h1:jF+Du6AlPIjs2BiUiQlKOX0rt3SujHxPnksPKZbaA40=
github.com/mattn/go-colorable v0.1.12/go.mod h1:u5H1YNBxpqRaxsYJYSkiCWKzEfiAb1Gb520KVy5xxl4=
github.com/mattn/go-isatty v0.0.12/go.mod h1:cbi8OIDigv2wuxKPP5vlRcQ1OAZbq2CE4Kysco4FUpU=
github.com/mattn/go-isatty v0.0.14 h1:yVuAays6BHfxijgZPzw+3Zlu5yQgKGP2/hcQbHb7S9Y=
github.com/mattn/go-isatty v0.0.14/go.mod h1:7GGIvUiUoEMVVmxf/4nioHXj79iQHKdU27kJ6hsGG94=
github.com/mikefarah/yq/v4 v4.24.2 h1:2xRu/L49ee+4n964G9cD2PtHOvj3/OQ7up0uXAHb/BY=
github.com/mikefarah/yq/v4 v4.24.2/go.mod h1:S+m9R9Qq17v0Mg/DtaESrbvfvrgbrOEMlEsSN57huV0=
github.com/mikefarah/yq/v4 v4.24.4 h1:QpfftVB8sAMVI/b1sOywovcztsPFYr8iFzdsPXOVPnQ=
github.com/mikefarah/yq/v4 v4.24.4/go.mod h1:S+m9R9Qq17v0Mg/DtaESrbvfvrgbrOEMlEsSN57huV0=
github.com/mikefarah/yq/v4 v4.24.5 h1:UeXoamnNDLJJ4B4dO6EuoZexFcGDTePp/uTmdIvCqPE=
github.com/mikefarah/yq/v4 v4.24.5/go.mod h1:S+m9R9Qq17v0Mg/DtaESrbvfvrgbrOEMlEsSN57huV0=
github.com/pkg/diff v0.0.0-20210226163009-20ebb0f2a09e/go.mod h1:pJLUxLENpZxwdsKMEsNbx1VGcRFpLqf3715MtcvvzbA=
github.com/pmezard/go-difflib v1.0.0/go.mod h1:iKH77koFhYxTK1pcRnkKkqfTogsbg7gZNVY4sRDYZ/4=
github.com/rogpeppe/go-internal v1.8.1 h1:geMPLpDpQOgVyCg5z5GoRwLHepNdb71NXb67XFkP+Eg=
github.com/rogpeppe/go-internal v1.8.1/go.mod h1:JeRgkft04UBgHMgCIwADu4Pn6Mtm5d4nPKWu0nJ5d+o=
github.com/rwxrob/bonzai v0.3.0 h1:WqA6oBGolQK3qCQKBUfsFMQvZgxy8VKQn0LtqScVILc=
github.com/rwxrob/bonzai v0.3.0/go.mod h1:NoGwfaG418L4U9e7uhASqUKqvG8obMC2cS6GQ/cGuzA=
github.com/rwxrob/bonzai v0.4.3 h1:lp1OLRyk6HOtICjsOuGRRZJm3BnhRHXg2MHFw27o4c0=
github.com/rwxrob/bonzai v0.4.3/go.mod h1:gA456ranskXpIEEuldHvWHPO53IA/FyMOWaVxcbpmhI=
github.com/rwxrob/bonzai v0.5.0 h1:Ghznfo2IabyIA+fhE8pfbaOfKUWS2T80WZm6XNgV9WE=
github.com/rwxrob/bonzai v0.5.0/go.mod h1:f/6r2q+FEdoIiD42Mxyn7wNbejj8gk9kIkXsQfl7wRA=
github.com/rwxrob/bonzai v0.6.3 h1:SKbsbdtKGN8zPelt1CV+OAJe0NA7Z3/AgH1qtVoJ+0A=
github.com/rwxrob/bonzai v0.6.3/go.mod h1:tOU8sGI8dxVmGFTaqMfGbqYfWJqIAaFPA1lLUXQJaY8=
github.com/rwxrob/bonzai v0.7.0 h1:x1iBkldLLdTrQBK4pF6Vx1bvkOHtuBPfQXEw6hDp7Ug=
github.com/rwxrob/bonzai v0.7.0/go.mod h1:tOU8sGI8dxVmGFTaqMfGbqYfWJqIAaFPA1lLUXQJaY8=
github.com/rwxrob/bonzai v0.10.0 h1:RGzcu+9ksn9zYpsOx9j3rbbjaOx/t0hC9rMvW/+ofZY=
github.com/rwxrob/bonzai v0.10.0/go.mod h1:zisCd2LCW9yR3w3csCWkqmUGnOcUOItjatYdSplJtmk=
github.com/rwxrob/bonzai v0.10.1 h1:KC+3C3p27XOavohMA70VzM/IHw0ha71NUtZUxhhFGiY=
github.com/rwxrob/bonzai v0.10.1/go.mod h1:zisCd2LCW9yR3w3csCWkqmUGnOcUOItjatYdSplJtmk=
github.com/rwxrob/bonzai v0.11.1 h1:E8m5FFWdiwhNXqS9Fc6+ZcTwndAYaPBhA2zGCG1nsoI=
github.com/rwxrob/bonzai v0.11.1/go.mod h1:zisCd2LCW9yR3w3csCWkqmUGnOcUOItjatYdSplJtmk=
github.com/rwxrob/bonzai v0.12.1 h1:/1g5B8WrR3AktCqjCxAUDJZCDGisXs2OKt4bd7CvJYg=
github.com/rwxrob/bonzai v0.12.1/go.mod h1:zisCd2LCW9yR3w3csCWkqmUGnOcUOItjatYdSplJtmk=
github.com/rwxrob/bonzai v0.12.2 h1:A9Pwp89QgExsBXwxxrctmrHx7Z+Tr0HAJ8aKwWFZmrA=
github.com/rwxrob/bonzai v0.12.2/go.mod h1:zisCd2LCW9yR3w3csCWkqmUGnOcUOItjatYdSplJtmk=
github.com/rwxrob/bonzai v0.13.0 h1:zCfB3A7NEPu4Sqss+7lQUFpCthD2oDiFKcUDsYqpGJQ=
github.com/rwxrob/bonzai v0.13.0/go.mod h1:zisCd2LCW9yR3w3csCWkqmUGnOcUOItjatYdSplJtmk=
github.com/rwxrob/compcmd v0.1.5 h1:nD6ZeMYmYYr+5z6gElF0sWhaJu3OwLMBz18euf6oa2k=
github.com/rwxrob/compcmd v0.1.5/go.mod h1:PKYptsH7zRebXt3P9Gk1GCnWp4KemJ/HgG9slmXINaQ=
github.com/rwxrob/compcmd v0.1.6 h1:jswlgUwSJuCe8h0zIvCS13CePE8UGKwib7YegyV+bfU=
github.com/rwxrob/compcmd v0.1.6/go.mod h1:imoLwFPWbpH7fFtYWvC/vZSF2P7gVZrnW3UjQBZYaxI=
github.com/rwxrob/compcmd v0.2.1 h1:WNSnoAbiV7bbB9YBr0OsIGzvfPVMSrSkOPbx/bi4Y8Q=
github.com/rwxrob/compcmd v0.2.1/go.mod h1:qqI0Gkm+8z+7ZLFL+JySsCA05o9HgNI1X+iJbinxduI=
github.com/rwxrob/compcmd v0.2.2 h1:IS3oZIyD+DBBzjodAvk2KDF7Zn0fvyEkpPOxkOml4xQ=
github.com/rwxrob/compcmd v0.2.2/go.mod h1:uedtEwRMTXilhjH7yKQPOfgEBWajpb9zz4vKOXtSwtA=
github.com/rwxrob/compcmd v0.2.3 h1:L05+CnLoJWpRp745+Hpz8fB0dz8SIzH0+uwSZxIZgEM=
github.com/rwxrob/compcmd v0.2.3/go.mod h1:fS9smeE6XIb/2511RU6618IimOJjg0tC69eXISxaxU4=
github.com/rwxrob/compfile v0.1.6 h1:xd5D1MmqKICGg/TmOx4eQN19M/rdVqpZ/A8DFcwa7Tc=
github.com/rwxrob/compfile v0.1.6/go.mod h1:H4/1mhWDqOYicyu5GdZeH3kCOdH30EgKsfzFmp89pgg=
github.com/rwxrob/compfile v0.1.7 h1:mmeH1eZbgJ+xN+Y3bWFiG/+yt/2hrq8qe2hLNhmKtMU=
github.com/rwxrob/compfile v0.1.7/go.mod h1:LUo442DRI1qEtwBMWP4W1wEhd4h+PrlXg3FKkKjlW30=
github.com/rwxrob/compfile v0.1.9 h1:dOCi+mwaZt/rlIbTQgHU1MQk07C+nFUQHO7rcukvC+E=
github.com/rwxrob/compfile v0.1.9/go.mod h1:c7BH9OxC05Uc0fVo6aTEYQJHf2hqbxIgnyJJCWzwbaQ=
github.com/rwxrob/compfile v0.1.10 h1:8WINthRqh6oU6ccsgqMIVFlOR2mGF9Rp2J/LTEnrGcE=
github.com/rwxrob/compfile v0.1.10/go.mod h1://iBjQnw604pmOkPwM15TD2R1tJafX2LdiZOvytOhrc=
github.com/rwxrob/compfile v0.1.11 h1:yydKh22uEKH1DZspxsD/JFpeaReKzRWDbe/MwSNONB8=
github.com/rwxrob/compfile v0.1.11/go.mod h1:kEIa7tRsoFY8GiG+eVjiImXjXhBqiiGEk2C2WezPX5Q=
github.com/rwxrob/conf v0.5.0 h1:sFgDDClUd4EDq+Dt5lHm4o9hsN3VH0RJ7gpgY2jSQdg=
github.com/rwxrob/conf v0.5.0/go.mod h1:J5r10MyteafcKnoDh5YHOBNH0zuVYO9x6GKUtgHXKsY=
github.com/rwxrob/conf v0.5.1 h1:z4iGt1RxvwlatGOvR/dVUycivRicEJ5jUMG9r6qKq/o=
github.com/rwxrob/conf v0.5.1/go.mod h1:J5r10MyteafcKnoDh5YHOBNH0zuVYO9x6GKUtgHXKsY=
github.com/rwxrob/conf v0.5.4 h1:fQ/APS6QL5R/zt/sjDrQW+2v2svX2Xz3a3uCE2I+HfQ=
github.com/rwxrob/conf v0.5.4/go.mod h1:ulhAbQPe6dK+Q9q1kE8fW8IZEqKu3AR/FHgNWbRQfIU=
github.com/rwxrob/conf v0.5.6 h1:tbkS8Y51ucoyPpwRAQsowO5rTfgPp/yGYoExfc8GIqQ=
github.com/rwxrob/conf v0.5.6/go.mod h1:oTUaeNMOagRFciWx7ddeifY1FbPXpwr/Gsds7fOPqKA=
github.com/rwxrob/conf v0.6.1 h1:AeJMVG3RYbu5RBx8/9x0ty9L5Z6S6Hdm02SiRtLCC/Y=
github.com/rwxrob/conf v0.6.1/go.mod h1:bmpNEMsw1xnqnKtS/tolCmv1c1QqtfgRUQ4uJVimz98=
github.com/rwxrob/conf v0.6.2 h1:lI2D0EnWdEizxuKLSZvK4k6UHgAbuh5apC38K3rxGuo=
github.com/rwxrob/conf v0.6.2/go.mod h1:e/59yaowalxCWPv3maUMY497JQzZbucun9vscT+52+w=
github.com/rwxrob/conf v0.6.3 h1:AUfF3xP0OApAsXU4c8BG1Fr9vLx6YxDh8cGyg+JuLgE=
github.com/rwxrob/conf v0.6.3/go.mod h1:Cea53dJQv6msfg7WXC30ZDJzAW971+6bh2hdF98BpZo=
github.com/rwxrob/conf v0.7.0 h1:bsTYPEqEqqhriY835wJ75EBm2G8kwunK1PwxqU30v5M=
github.com/rwxrob/conf v0.7.0/go.mod h1:DR9sMN6Wm/4/KIazsEdMxVeNK94eiAPatjUal8k7ilw=
github.com/rwxrob/config v0.4.0 h1:hf69wzRCfXuPtDD50vDEPxIoLk0DKs3YT2lf1rmyK7g=
github.com/rwxrob/config v0.4.0/go.mod h1:LfHHwWd7Jzt+8b1v6Vel3i3aOYt2OX50gJY38qx3+6Q=
github.com/rwxrob/config v0.4.2 h1:ZD3ZUO+p/kH+4k8/OSm3bHEfTKEEFB9v3LruwYSGGYc=
github.com/rwxrob/config v0.4.2/go.mod h1:WUQz7JHIpD8T2ejEZq06Nk6/Tm8Z1Oyhsw+X5iiTYKc=
github.com/rwxrob/config v0.4.3 h1:wk2S3+Qsre3KIFpR8LU1Y++2f6bwriAVInD2aTwSouw=
github.com/rwxrob/config v0.4.3/go.mod h1:3FtUlJjh4q0dtHuiieEAsioDb5XdK7YQYdJXVSWomZ0=
github.com/rwxrob/fn v0.3.3 h1:ymRQGWDhrrvoHKXLJ4WZlgI2qrC7gMOotowQMGvwmVQ=
github.com/rwxrob/fn v0.3.3/go.mod h1:omPqOqEB+dDna09z5pi5YFxq4IZqDvv3wFPUCES5LvY=
github.com/rwxrob/fs v0.5.0 h1:1AcZUMBzYhippXl0RfYb+KMo67Sj+e5eSUkOKTx2rUU=
github.com/rwxrob/fs v0.5.0/go.mod h1:vO8AeluD7rnrO7zC54745xTEBFgHPUpHL0hbp1NnsVo=
github.com/rwxrob/fs v0.5.1 h1:HpqDzQEMpfAjdeQvCtjkXC1vAQkNOM5PcxiW9b7TE/U=
github.com/rwxrob/fs v0.5.1/go.mod h1:vO8AeluD7rnrO7zC54745xTEBFgHPUpHL0hbp1NnsVo=
github.com/rwxrob/help v0.2.1 h1:gj7aXML4zyIARy4IZWWBQSxBd8dp6qQ9r7yDddzQoDU=
github.com/rwxrob/help v0.2.1/go.mod h1:J6++EQqIOMjZD0kvXqUNIDdDmgZW6RMl0EKUHGaxZJs=
github.com/rwxrob/help v0.2.3 h1:9e17rFrmtzuGouisd/OP0xUpA6AkO+gJCS9JMMiB5BE=
github.com/rwxrob/help v0.2.3/go.mod h1:48iC8EfMJOKmVpEeGg/7TR0xk0LTf8ML6TkQ1Fetk1A=
github.com/rwxrob/help v0.2.4 h1:ID5PbYMfubvacGvkRkbrak0eUlY42NU5legCnPhdEwk=
github.com/rwxrob/help v0.2.4/go.mod h1:48iC8EfMJOKmVpEeGg/7TR0xk0LTf8ML6TkQ1Fetk1A=
github.com/rwxrob/help v0.2.5 h1:6EWweUusOHFxWSFDa5AFx85vutzGHjH+whXd1aB4Pjo=
github.com/rwxrob/help v0.2.5/go.mod h1:48iC8EfMJOKmVpEeGg/7TR0xk0LTf8ML6TkQ1Fetk1A=
github.com/rwxrob/help v0.3.1 h1:jzBjP9ZzYi19c52yaOaW/j139oX6BWABUXYEygVh8Bs=
github.com/rwxrob/help v0.3.1/go.mod h1:GfskRfrLhyPZeXGvFajoD2luWpms7EEask3LOgLZiLo=
github.com/rwxrob/help v0.3.4 h1:Pr6ooE4PaYSRt2CBKJPa9/qG3xBxzmq5uw3BzapUv+Q=
github.com/rwxrob/help v0.3.4/go.mod h1:FKgmRdtNaWJlgmfp3bpfcWnfzJdBIvuD6++FMySxLK4=
github.com/rwxrob/help v0.3.6 h1:UbXjjfpKHYt716TwyNY57mSG3wCVQzng7ptg5yqcf1k=
github.com/rwxrob/help v0.3.6/go.mod h1:TMQOTrI3u5pC6v17kfI9ytumFW9vfHbHrYMudVs3Q7g=
github.com/rwxrob/help v0.3.8 h1:CrKouPrC4jTm7Qx3ws590Aq8X8o5W+UPkBD/gxeYxT8=
github.com/rwxrob/help v0.3.8/go.mod h1:TMQOTrI3u5pC6v17kfI9ytumFW9vfHbHrYMudVs3Q7g=
github.com/rwxrob/help v0.4.1 h1:WatjhJebk+5lPd+zrUa2t0T3h/+w4YvvUuNf8cflNhc=
github.com/rwxrob/help v0.4.1/go.mod h1:eZoUfqKNxqEomnMwn11ipeDU5kVvSOrpFjaj7rHnYLQ=
github.com/rwxrob/help v0.4.2 h1:fvH/4ErmWBSld2ErubfpNSUnkuA4hCnJ1NuXspytmms=
github.com/rwxrob/help v0.4.2/go.mod h1:l7XtT4J75+bzTnsLZcIpMAgt2edLnA26U9cbVbY6DY4=
github.com/rwxrob/help v0.5.0 h1:wEARG5oj9/d3pVeho1tvk1jLVPU5ZujQ5o44VvlNeCI=
github.com/rwxrob/help v0.5.0/go.mod h1:rgLDEcJjYuz4MTu6c2J/T0mI9GpXAaqQ1BWKLdKP3mc=
github.com/rwxrob/scan v0.6.1 h1:KMGi/kV7TY4pcVo8H/HVwwyQZ2gBFNQI3g7tT121Voo=
github.com/rwxrob/scan v0.6.1/go.mod h1:eF28AgH3YUvP7E9UrhjePRUyLq3Gh7+fR28P7Z/Ku4E=
github.com/rwxrob/structs v0.5.1 h1:epff+4ihej+EgsQx0qOAS/cn7ix3qSLor0M/AjWiV3M=
github.com/rwxrob/structs v0.5.1/go.mod h1:e888JzBSTrMMizNYFnk426F77QneVUKgdxM5inMHErY=
github.com/rwxrob/structs v0.6.0 h1:t8JVd/Pee1OGaXgT6QYmGed470C9vOw6scdH8Cr5LPg=
github.com/rwxrob/structs v0.6.0/go.mod h1:txMfzPfEiIDNM5bwhzUqxr/1QQ3ekOuj3KLT8Nt1fA0=
github.com/rwxrob/term v0.2.6 h1:C8BqqHaEh8MGYp1cVrPRlDAYPEK3HfvhGjf7l5AvnV8=
github.com/rwxrob/term v0.2.6/go.mod h1:II0qQ7aHUdPniZCAPWOdYwugcZqdmRmEWIJQN7Z8NA0=
github.com/rwxrob/to v0.4.5 h1:ILFn40Zd8Tbz0+vmMcA9WyBkAZzeIltr39STLeoxP/o=
github.com/rwxrob/to v0.4.5/go.mod h1:lojk6scni4ZRYjnKJO/f2DVRTW0BB6l9LZQ/NvZZt4Y=
github.com/rwxrob/to v0.4.6 h1:VXYmc2wI3aGq3HzecgMWYLiFZRVy1PlZIVOGRt0S8V0=
github.com/rwxrob/to v0.4.6/go.mod h1:lojk6scni4ZRYjnKJO/f2DVRTW0BB6l9LZQ/NvZZt4Y=
github.com/rwxrob/to v0.5.2 h1:BK2xKkWNhnR5TwEzbsPpXjGODFrTrgZfXzfEdtgCeyU=
github.com/rwxrob/to v0.5.2/go.mod h1:lojk6scni4ZRYjnKJO/f2DVRTW0BB6l9LZQ/NvZZt4Y=
github.com/rwxrob/to v0.5.3 h1:CTkQuXXjrv9NhRDWH0zafu9aRWXwvw+VWWqPNYXLZaY=
github.com/rwxrob/to v0.5.3/go.mod h1:lojk6scni4ZRYjnKJO/f2DVRTW0BB6l9LZQ/NvZZt4Y=
github.com/rwxrob/vars v0.2.4 h1:sva6TVbUzHZbfcFHy3QFWEAPPp/1TmITiR1Esm55Lts=
github.com/rwxrob/vars v0.2.4/go.mod h1:fOZdyqFHVjbBbjgjh70RUFg17/xYhTz5DNv5UNWcvtk=
github.com/rwxrob/vars v0.2.7 h1:DoD9NKgBvisy+UY4onfahgQaJAHQXVUc7rhSMQoqfnA=
github.com/rwxrob/vars v0.2.7/go.mod h1:afMjBaYvAvZnpJAhHUCeDgvftqMZB2oQuPqcsC67Dn4=
github.com/rwxrob/vars v0.2.8 h1:tKiGESDX5e3HYA6tmZRW1eRby3Uu7E96o62ka1xh4TQ=
github.com/rwxrob/vars v0.2.8/go.mod h1:gpMEvLsOGLOreV7bHela64epNL4lk1nuZLx5a7NDq2g=
github.com/rwxrob/vars v0.3.0 h1:rGBUsU9ryUbZC4JUZPw5TmXxpBVc5NpgaMlKPDvus64=
github.com/rwxrob/vars v0.3.0/go.mod h1:spDyynIWq5D7A6UzPvtQ1ds3gqkfKV0EPFyY6tT3L4o=
github.com/rwxrob/vars v0.3.1 h1:17XZIEK9Fdj5pMoX2LDY5AaiPT/5FPZ4+Fce5UrKM1M=
github.com/rwxrob/vars v0.3.1/go.mod h1:VlbLqDq6Pt7zFk3RdmVwGf57YkhAvgss1icAnf/Nha4=
github.com/rwxrob/vars v0.3.2 h1:gtvkSejawtBLJZvjv7QkndS2SNKPLBMLnUtqnkRDDVc=
github.com/rwxrob/vars v0.3.2/go.mod h1:KTqAJz/EcoSgkSDm8C/E0Ov3IfviVo0nCxBoW79s5Ag=
github.com/rwxrob/vars v0.4.0 h1:7aUdiGm3zAepyxFH1h7IDYOTV3ckq0Lo/+trqD8W5y8=
github.com/rwxrob/vars v0.4.0/go.mod h1:0jfIBWWVU38UZAUilH57vbXJ6cQKuiTg32z8G6q1pNU=
github.com/rwxrob/yq v0.2.3 h1:7eYCOrrhqn9eZ+gYUVjPtpSyaNoEhs1Z+wDR3WOcDqY=
github.com/rwxrob/yq v0.2.3/go.mod h1:Gy4DVShCPq5Md2PpmHaUdyS8KKbJxUy4OOmGawls/Ao=
github.com/rwxrob/yq v0.2.4 h1:NMQLDM/wBYN9IgJC0NlxcDs9COC/fDIdCi5DC9ijvUA=
github.com/rwxrob/yq v0.2.4/go.mod h1:wNpZOJzkbSTFqRqO3yYsLUTVcHc6vGX67Q0n4+eCdfU=
github.com/stretchr/objx v0.1.0/go.mod h1:HFkY916IF+rwdDfMAkV7OtwuqBVzrE8GR6GFx+wExME=
github.com/stretchr/testify v1.4.0/go.mod h1:j7eGeouHqKxXV5pUuKE4zz7dFj8WfuZ+81PSLYec5m4=
github.com/stretchr/testify v1.7.0/go.mod h1:6Fq8oRcR53rry900zMqJjRRixrwX3KX962/h/Wwjteg=
github.com/timtadh/data-structures v0.5.3 h1:F2tEjoG9qWIyUjbvXVgJqEOGJPMIiYn7U5W5mE+i/vQ=
github.com/timtadh/data-structures v0.5.3/go.mod h1:9R4XODhJ8JdWFEI8P/HJKqxuJctfBQw6fDibMQny2oU=
github.com/timtadh/lexmachine v0.2.2 h1:g55RnjdYazm5wnKv59pwFcBJHOyvTPfDEoz21s4PHmY=
github.com/timtadh/lexmachine v0.2.2/go.mod h1:GBJvD5OAfRn/gnp92zb9KTgHLB7akKyxmVivoYCcjQI=
golang.org/x/crypto v0.0.0-20190308221718-c2843e01d9a2/go.mod h1:djNgcEr1/C05ACkg1iLfiJU5Ep61QUkGW8qpdssI0+w=
golang.org/x/crypto v0.0.0-20200622213623-75b288015ac9/go.mod h1:LzIPMQfyMNhhGPhUkYOs5KpL4U8rLKemX1yGLhDgUto=
golang.org/x/crypto v0.0.0-20220331220935-ae2d96664a29 h1:tkVvjkPTB7pnW3jnid7kNyAMPVWllTNOf/qKDze4p9o=
golang.org/x/crypto v0.0.0-20220331220935-ae2d96664a29/go.mod h1:IxCIyHEi3zRg3s0A5j5BB6A9Jmi73HwBIUl50j+osU4=
golang.org/x/crypto v0.0.0-20220408190544-5352b0902921 h1:iU7T1X1J6yxDr0rda54sWGkHgOp5XJrqm79gcNlC2VM=
golang.org/x/crypto v0.0.0-20220408190544-5352b0902921/go.mod h1:IxCIyHEi3zRg3s0A5j5BB6A9Jmi73HwBIUl50j+osU4=
golang.org/x/crypto v0.0.0-20220411220226-7b82a4e95df4 h1:kUhD7nTDoI3fVd9G4ORWrbV5NY0liEs/Jg2pv5f+bBA=
golang.org/x/crypto v0.0.0-20220411220226-7b82a4e95df4/go.mod h1:IxCIyHEi3zRg3s0A5j5BB6A9Jmi73HwBIUl50j+osU4=
golang.org/x/net v0.0.0-20190404232315-eb5bcb51f2a3/go.mod h1:t9HGtf8HONx5eT2rtn7q6eTqICYqUVnKs3thJo3Qplg=
golang.org/x/net v0.0.0-20220407224826-aac1ed45d8e3 h1:EN5+DfgmRMvRUrMGERW2gQl3Vc+Z7ZMnI/xdEpPSf0c=
golang.org/x/net v0.0.0-20220407224826-aac1ed45d8e3/go.mod h1:CfG3xpIq0wQ8r1q4Su4UZFWDARRcnwPjda9FqA0JpMk=
golang.org/x/net v0.0.0-20220412020605-290c469a71a5 h1:bRb386wvrE+oBNdF1d/Xh9mQrfQ4ecYhW5qJ5GvTGT4=
golang.org/x/net v0.0.0-20220412020605-290c469a71a5/go.mod h1:CfG3xpIq0wQ8r1q4Su4UZFWDARRcnwPjda9FqA0JpMk=
golang.org/x/net v0.0.0-20220420153159-1850ba15e1be h1:yx80W7nvY5ySWpaU8UWaj5o9e23YgO9BRhQol7Lc+JI=
golang.org/x/net v0.0.0-20220420153159-1850ba15e1be/go.mod h1:CfG3xpIq0wQ8r1q4Su4UZFWDARRcnwPjda9FqA0JpMk=
golang.org/x/net v0.0.0-20220421235706-1d1ef9303861 h1:yssD99+7tqHWO5Gwh81phT+67hg+KttniBr6UnEXOY8=
golang.org/x/net v0.0.0-20220421235706-1d1ef9303861/go.mod h1:CfG3xpIq0wQ8r1q4Su4UZFWDARRcnwPjda9FqA0JpMk=
golang.org/x/sys v0.0.0-20190215142949-d0b11bdaac8a/go.mod h1:STP8DvDyc/dI5b8T5hshtkjS+E42TnysNCUPdjciGhY=
golang.org/x/sys v0.0.0-20190412213103-97732733099d/go.mod h1:h1NjWce9XRLGQEsW7wpKNCjG9DtNlClVuFLEZdDNbEs=
golang.org/x/sys v0.0.0-20200116001909-b77594299b42/go.mod h1:h1NjWce9XRLGQEsW7wpKNCjG9DtNlClVuFLEZdDNbEs=
golang.org/x/sys v0.0.0-20200223170610-d5e6a3e2c0ae/go.mod h1:h1NjWce9XRLGQEsW7wpKNCjG9DtNlClVuFLEZdDNbEs=
golang.org/x/sys v0.0.0-20210630005230-0f9fa26af87c/go.mod h1:oPkhp1MJrh7nUepCBck5+mAzfO9JrbApNNgaTdGDITg=
golang.org/x/sys v0.0.0-20210927094055-39ccf1dd6fa6/go.mod h1:oPkhp1MJrh7nUepCBck5+mAzfO9JrbApNNgaTdGDITg=
golang.org/x/sys v0.0.0-20220406163625-3f8b81556e12 h1:QyVthZKMsyaQwBTJE04jdNN0Pp5Fn9Qga0mrgxyERQM=
golang.org/x/sys v0.0.0-20220406163625-3f8b81556e12/go.mod h1:oPkhp1MJrh7nUepCBck5+mAzfO9JrbApNNgaTdGDITg=
golang.org/x/sys v0.0.0-20220408201424-a24fb2fb8a0f h1:8w7RhxzTVgUzw/AH/9mUV5q0vMgy40SQRursCcfmkCw=
golang.org/x/sys v0.0.0-20220408201424-a24fb2fb8a0f/go.mod h1:oPkhp1MJrh7nUepCBck5+mAzfO9JrbApNNgaTdGDITg=
golang.org/x/sys v0.0.0-20220412211240-33da011f77ad h1:ntjMns5wyP/fN65tdBD4g8J5w8n015+iIIs9rtjXkY0=
golang.org/x/sys v0.0.0-20220412211240-33da011f77ad/go.mod h1:oPkhp1MJrh7nUepCBck5+mAzfO9JrbApNNgaTdGDITg=
golang.org/x/sys v0.0.0-20220422013727-9388b58f7150 h1:xHms4gcpe1YE7A3yIllJXP16CMAGuqwO2lX1mTyyRRc=
golang.org/x/sys v0.0.0-20220422013727-9388b58f7150/go.mod h1:oPkhp1MJrh7nUepCBck5+mAzfO9JrbApNNgaTdGDITg=
golang.org/x/term v0.0.0-20210927222741-03fcf44c2211 h1:JGgROgKl9N8DuW20oFS5gxc+lE67/N3FcwmBPMe7ArY=
golang.org/x/term v0.0.0-20210927222741-03fcf44c2211/go.mod h1:jbD1KX2456YbFQfuXm/mYQcufACuNUgVhRMnK/tPxf8=
golang.org/x/term v0.0.0-20220411215600-e5f449aeb171 h1:EH1Deb8WZJ0xc0WK//leUHXcX9aLE5SymusoTmMZye8=
golang.org/x/term v0.0.0-20220411215600-e5f449aeb171/go.mod h1:jbD1KX2456YbFQfuXm/mYQcufACuNUgVhRMnK/tPxf8=
golang.org/x/text v0.3.0/go.mod h1:NqM8EUOU14njkJ3fqMW+pc6Ldnwhi/IjpwHt7yyuwOQ=
golang.org/x/text v0.3.2/go.mod h1:bEr9sfX3Q8Zfm5fL9x+3itogRgK3+ptLWKqgva+5dAk=
golang.org/x/text v0.3.7 h1:olpwvP2KacW1ZWvsR7uQhoyTYvKAupfQrRGBFM352Gk=
golang.org/x/text v0.3.7/go.mod h1:u+2+/6zg+i71rQMx5EYifcz6MCKuco9NR6JIITiCfzQ=
golang.org/x/tools v0.0.0-20180917221912-90fa682c2a6e/go.mod h1:n7NCudcB/nEzxVGmLbDWY5pfWTLqBcC2KZ6jyYvM4mQ=
golang.org/x/xerrors v0.0.0-20200804184101-5ec99f83aff1 h1:go1bK/D/BFZV2I8cIQd1NKEZ+0owSTG1fDTci4IqFcE=
golang.org/x/xerrors v0.0.0-20200804184101-5ec99f83aff1/go.mod h1:I/5z698sn9Ka8TeJc9MKroUUfqBBauWjQqLJ2OPfmY0=
golang.org/x/xerrors v0.0.0-20220411194840-2f41105eb62f h1:GGU+dLjvlC3qDwqYgL6UgRmHXhOOgns0bZu2Ty5mm6U=
golang.org/x/xerrors v0.0.0-20220411194840-2f41105eb62f/go.mod h1:I/5z698sn9Ka8TeJc9MKroUUfqBBauWjQqLJ2OPfmY0=
gopkg.in/check.v1 v0.0.0-20161208181325-20d25e280405/go.mod h1:Co6ibVJAznAaIkqp8huTwlJQCZ016jof/cbN4VW5Yz0=
gopkg.in/check.v1 v1.0.0-20180628173108-788fd7840127/go.mod h1:Co6ibVJAznAaIkqp8huTwlJQCZ016jof/cbN4VW5Yz0=
gopkg.in/errgo.v2 v2.1.0/go.mod h1:hNsd1EY+bozCKY1Ytp96fpM3vjJbqLJn88ws8XvfDNI=
gopkg.in/op/go-logging.v1 v1.0.0-20160211212156-b2cb9fa56473 h1:6D+BvnJ/j6e222UW8s2qTSe3wGBtvo0MbVQG/c5k8RE=
gopkg.in/op/go-logging.v1 v1.0.0-20160211212156-b2cb9fa56473/go.mod h1:N1eN2tsCx0Ydtgjl4cqmbRCsY4/+z4cYDeqwZTk6zog=
gopkg.in/yaml.v2 v2.2.2/go.mod h1:hI93XBmqTisBFMUTm0b8Fm+jr3Dg1NNxqwp+5A1VGuI=
gopkg.in/yaml.v3 v3.0.0-20200313102051-9f266ea9e77c/go.mod h1:K4uyk7z7BCEPqu6E+C64Yfv1cQ7kz7rIZviUmN+EgEM=
gopkg.in/yaml.v3 v3.0.0-20210107192922-496545a6307b h1:h8qDotaEPuJATrMmW04NCwg7v22aHH28wwpauUhK9Oo=
gopkg.in/yaml.v3 v3.0.0-20210107192922-496545a6307b/go.mod h1:K4uyk7z7BCEPqu6E+C64Yfv1cQ7kz7rIZviUmN+EgEM=
